
Microsoft Visual Studio Solution File, Format Version 12.00
# Visual Studio Version 17
VisualStudioVersion = 17.9.34728.123
MinimumVisualStudioVersion = 10.0.40219.1
Project("{FAE04EC0-301F-11D3-BF4B-00C04F79EFBC}") = "rsAPI", "rsAPI\rsAPI.csproj", "{7C506BE5-69F2-4DF9-B502-EF89F2A08A6C}"
EndProject
Global
	GlobalSection(SolutionConfigurationPlatforms) = preSolution
		Debug|Any CPU = Debug|Any CPU
		Release|Any CPU = Release|Any CPU
	EndGlobalSection
	GlobalSection(ProjectConfigurationPlatforms) = postSolution
		{7C506BE5-69F2-4DF9-B502-EF89F2A08A6C}.Debug|Any CPU.ActiveCfg = Debug|Any CPU
		{7C506BE5-69F2-4DF9-B502-EF89F2A08A6C}.Debug|Any CPU.Build.0 = Debug|Any CPU
		{7C506BE5-69F2-4DF9-B502-EF89F2A08A6C}.Release|Any CPU.ActiveCfg = Release|Any CPU
		{7C506BE5-69F2-4DF9-B502-EF89F2A08A6C}.Release|Any CPU.Build.0 = Release|Any CPU
	EndGlobalSection
	GlobalSection(SolutionProperties) = preSolution
		HideSolutionNode = FALSE
	EndGlobalSection
	GlobalSection(ExtensibilityGlobals) = postSolution
		SolutionGuid = {01EFCCC1-BAA6-4010-A94E-652B920978FF}
	EndGlobalSection
EndGlobal
